// !$*UTF8*$!
{
	archiveVersion = 1;
	classes = {
	};
	objectVersion = 51;
	objects = {

/* Begin PBXBuildFile section */
		AE436B0920D5FF95003FAE69 /* AppDelegate.m in Sources */ = {isa = PBXBuildFile; fileRef = AE436B0820D5FF95003FAE69 /* AppDelegate.m */; };
		AE436B0C20D5FF95003FAE69 /* ViewController.m in Sources */ = {isa = PBXBuildFile; fileRef = AE436B0B20D5FF95003FAE69 /* ViewController.m */; };
		AE436B0F20D5FF95003FAE69 /* Main.storyboard in Resources */ = {isa = PBXBuildFile; fileRef = AE436B0D20D5FF95003FAE69 /* Main.storyboard */; };
		AE436B1120D5FF96003FAE69 /* Assets.xcassets in Resources */ = {isa = PBXBuildFile; fileRef = AE436B1020D5FF96003FAE69 /* Assets.xcassets */; };
		AE436B1420D5FF96003FAE69 /* LaunchScreen.storyboard in Resources */ = {isa = PBXBuildFile; fileRef = AE436B1220D5FF96003FAE69 /* LaunchScreen.storyboard */; };
		AE436B1720D5FF96003FAE69 /* main.m in Sources */ = {isa = PBXBuildFile; fileRef = AE436B1620D5FF96003FAE69 /* main.m */; };
		C214F0CC83658000FB86DAD5 /* libPods-XTILogerManagerDemo.a in Frameworks */ = {isa = PBXBuildFile; fileRef = F0B441798EFC1848E336AC73 /* libPods-XTILogerManagerDemo.a */; };
/* End PBXBuildFile section */

/* Begin PBXFileReference section */
		28D2453BC50FB72E08CFC07A /* Pods-XTILogerManagerDemo.debug.xcconfig */ = {isa = PBXFileReference; includeInIndex = 1; lastKnownFileType = text.xcconfig; name = "Pods-XTILogerManagerDemo.debug.xcconfig"; path = "../Pods/Target Support Files/Pods-XTILogerManagerDemo/Pods-XTILogerManagerDemo.debug.xcconfig"; sourceTree = "<group>"; };
		AE436B0420D5FF95003FAE69 /* XTILogerManagerDemo.app */ = {isa = PBXFileReference; explicitFileType = wrapper.application; includeInIndex = 0; path = XTILogerManagerDemo.app; sourceTree = BUILT_PRODUCTS_DIR; };
		AE436B0720D5FF95003FAE69 /* AppDelegate.h */ = {isa = PBXFileReference; lastKnownFileType = sourcecode.c.h; path = AppDelegate.h; sourceTree = "<group>"; };
		AE436B0820D5FF95003FAE69 /* AppDelegate.m */ = {isa = PBXFileReference; lastKnownFileType = sourcecode.c.objc; path = AppDelegate.m; sourceTree = "<group>"; };
		AE436B0A20D5FF95003FAE69 /* ViewController.h */ = {isa = PBXFileReference; lastKnownFileType = sourcecode.c.h; path = ViewController.h; sourceTree = "<group>"; };
		AE436B0B20D5FF95003FAE69 /* ViewController.m */ = {isa = PBXFileReference; lastKnownFileType = sourcecode.c.objc; path = ViewController.m; sourceTree = "<group>"; };
		AE436B0E20D5FF95003FAE69 /* Base */ = {isa = PBXFileReference; lastKnownFileType = file.storyboard; name = Base; path = Base.lproj/Main.storyboard; sourceTree = "<group>"; };
		AE436B1020D5FF96003FAE69 /* Assets.xcassets */ = {isa = PBXFileReference; lastKnownFileType = folder.assetcatalog; path = Assets.xcassets; sourceTree = "<group>"; };
		AE436B1320D5FF96003FAE69 /* Base */ = {isa = PBXFileReference; lastKnownFileType = file.storyboard; name = Base; path = Base.lproj/LaunchScreen.storyboard; sourceTree = "<group>"; };
		AE436B1520D5FF96003FAE69 /* Info.plist */ = {isa = PBXFileReference; lastKnownFileType = text.plist.xml; path = Info.plist; sourceTree = "<group>"; };
		AE436B1620D5FF96003FAE69 /* main.m */ = {isa = PBXFileReference; lastKnownFileType = sourcecode.c.objc; path = main.m; sourceTree = "<group>"; };
		C02C3B599FFA9F5A8916C109 /* Pods-XTILogerManagerDemo.release.xcconfig */ = {isa = PBXFileReference; includeInIndex = 1; lastKnownFileType = text.xcconfig; name = "Pods-XTILogerManagerDemo.release.xcconfig"; path = "../Pods/Target Support Files/Pods-XTILogerManagerDemo/Pods-XTILogerManagerDemo.release.xcconfig"; sourceTree = "<group>"; };
		F0B441798EFC1848E336AC73 /* libPods-XTILogerManagerDemo.a */ = {isa = PBXFileReference; explicitFileType = archive.ar; includeInIndex = 0; path = "libPods-XTILogerManagerDemo.a"; sourceTree = BUILT_PRODUCTS_DIR; };
/* End PBXFileReference section */

/* Begin PBXFrameworksBuildPhase section */
		AE436B0120D5FF95003FAE69 /* Frameworks */ = {
			isa = PBXFrameworksBuildPhase;
			buildActionMask = 2147483647;
			files = (
				C214F0CC83658000FB86DAD5 /* libPods-XTILogerManagerDemo.a in Frameworks */,
			);
			runOnlyForDeploymentPostprocessing = 0;
		};
/* End PBXFrameworksBuildPhase section */

/* Begin PBXGroup section */
		19A4EB54BEBB024B8C7E9152 /* Frameworks */ = {
			isa = PBXGroup;
			children = (
				F0B441798EFC1848E336AC73 /* libPods-XTILogerManagerDemo.a */,
			);
			name = Frameworks;
			sourceTree = "<group>";
		};
		8BE29A5081301EF1CD435CEE /* Pods */ = {
			isa = PBXGroup;
			children = (
				28D2453BC50FB72E08CFC07A /* Pods-XTILogerManagerDemo.debug.xcconfig */,
				C02C3B599FFA9F5A8916C109 /* Pods-XTILogerManagerDemo.release.xcconfig */,
			);
			name = Pods;
			sourceTree = "<group>";
		};
		AE436AFB20D5FF95003FAE69 = {
			isa = PBXGroup;
			children = (
				AE436B0620D5FF95003FAE69 /* XTILogerManager */,
				AE436B0520D5FF95003FAE69 /* Products */,
				8BE29A5081301EF1CD435CEE /* Pods */,
				19A4EB54BEBB024B8C7E9152 /* Frameworks */,
			);
			sourceTree = "<group>";
		};
		AE436B0520D5FF95003FAE69 /* Products */ = {
			isa = PBXGroup;
			children = (
				AE436B0420D5FF95003FAE69 /* XTILogerManagerDemo.app */,
			);
			name = Products;
			sourceTree = "<group>";
		};
		AE436B0620D5FF95003FAE69 /* XTILogerManager */ = {
			isa = PBXGroup;
			children = (
				AE436B0720D5FF95003FAE69 /* AppDelegate.h */,
				AE436B0820D5FF95003FAE69 /* AppDelegate.m */,
				AE436B0A20D5FF95003FAE69 /* ViewController.h */,
				AE436B0B20D5FF95003FAE69 /* ViewController.m */,
				AE436B0D20D5FF95003FAE69 /* Main.storyboard */,
				AE436B1020D5FF96003FAE69 /* Assets.xcassets */,
				AE436B1220D5FF96003FAE69 /* LaunchScreen.storyboard */,
				AE436B1520D5FF96003FAE69 /* Info.plist */,
				AE436B1620D5FF96003FAE69 /* main.m */,
			);
			path = XTILogerManager;
			sourceTree = "<group>";
		};
/* End PBXGroup section */

/* Begin PBXNativeTarget section */
		AE436B0320D5FF95003FAE69 /* XTILogerManagerDemo */ = {
			isa = PBXNativeTarget;
			buildConfigurationList = AE436B1A20D5FF96003FAE69 /* Build configuration list for PBXNativeTarget "XTILogerManagerDemo" */;
			buildPhases = (
				82B631EF3B998A7F00494D8D /* [CP] Check Pods Manifest.lock */,
				AE436B0020D5FF95003FAE69 /* Sources */,
				AE436B0120D5FF95003FAE69 /* Frameworks */,
				AE436B0220D5FF95003FAE69 /* Resources */,
				4E5AD034A418FD8899CD5284 /* [CP] Copy Pods Resources */,
			);
			buildRules = (
			);
			dependencies = (
			);
			name = XTILogerManagerDemo;
			productName = XTILogerManager;
			productReference = AE436B0420D5FF95003FAE69 /* XTILogerManagerDemo.app */;
			productType = "com.apple.product-type.application";
		};
/* End PBXNativeTarget section */

/* Begin PBXProject section */
		AE436AFC20D5FF95003FAE69 /* Project object */ = {
			isa = PBXProject;
			attributes = {
				LastUpgradeCheck = 1000;
				ORGANIZATIONNAME = input;
				TargetAttributes = {
					AE436B0320D5FF95003FAE69 = {
						CreatedOnToolsVersion = 9.4.1;
					};
				};
			};
			buildConfigurationList = AE436AFF20D5FF95003FAE69 /* Build configuration list for PBXProject "XTILogerManagerDemo" */;
			compatibilityVersion = "Xcode 9.3";
			developmentRegion = en;
			hasScannedForEncodings = 0;
			knownRegions = (
				en,
				Base,
			);
			mainGroup = AE436AFB20D5FF95003FAE69;
			productRefGroup = AE436B0520D5FF95003FAE69 /* Products */;
			projectDirPath = "";
			projectRoot = "";
			targets = (
				AE436B0320D5FF95003FAE69 /* XTILogerManagerDemo */,
			);
		};
/* End PBXProject section */

/* Begin PBXResourcesBuildPhase section */
		AE436B0220D5FF95003FAE69 /* Resources */ = {
			isa = PBXResourcesBuildPhase;
			buildActionMask = 2147483647;
			files = (
				AE436B1420D5FF96003FAE69 /* LaunchScreen.storyboard in Resources */,
				AE436B1120D5FF96003FAE69 /* Assets.xcassets in Resources */,
				AE436B0F20D5FF95003FAE69 /* Main.storyboard in Resources */,
			);
			runOnlyForDeploymentPostprocessing = 0;
		};
/* End PBXResourcesBuildPhase section */

/* Begin PBXShellScriptBuildPhase section */
		4E5AD034A418FD8899CD5284 /* [CP] Copy Pods Resources */ = {
			isa = PBXShellScriptBuildPhase;
			buildActionMask = 2147483647;
			files = (
			);
			inputFileListPaths = (
				"${PODS_ROOT}/Target Support Files/Pods-XTILogerManagerDemo/Pods-XTILogerManagerDemo-resources-${CONFIGURATION}-input-files.xcfilelist",
			);
			name = "[CP] Copy Pods Resources";
			outputFileListPaths = (
				"${PODS_ROOT}/Target Support Files/Pods-XTILogerManagerDemo/Pods-XTILogerManagerDemo-resources-${CONFIGURATION}-output-files.xcfilelist",
			);
			runOnlyForDeploymentPostprocessing = 0;
			shellPath = /bin/sh;
			shellScript = "\"${PODS_ROOT}/Target Support Files/Pods-XTILogerManagerDemo/Pods-XTILogerManagerDemo-resources.sh\"\n";
			showEnvVarsInLog = 0;
		};
		82B631EF3B998A7F00494D8D /* [CP] Check Pods Manifest.lock */ = {
			isa = PBXShellScriptBuildPhase;
			buildActionMask = 2147483647;
			files = (
			);
			inputPaths = (
				"${PODS_PODFILE_DIR_PATH}/Podfile.lock",
				"${PODS_ROOT}/Manifest.lock",
			);
			name = "[CP] Check Pods Manifest.lock";
			outputPaths = (
				"$(DERIVED_FILE_DIR)/Pods-XTILogerManagerDemo-checkManifestLockResult.txt",
			);
			runOnlyForDeploymentPostprocessing = 0;
			shellPath = /bin/sh;
			shellScript = "diff \"${PODS_PODFILE_DIR_PATH}/Podfile.lock\" \"${PODS_ROOT}/Manifest.lock\" > /dev/null\nif [ $? != 0 ] ; then\n    # print error to STDERR\n    echo \"error: The sandbox is not in sync with the Podfile.lock. Run 'pod install' or update your CocoaPods installation.\" >&2\n    exit 1\nfi\n# This output is used by Xcode 'outputs' to avoid re-running this script phase.\necho \"SUCCESS\" > \"${SCRIPT_OUTPUT_FILE_0}\"\n";
			showEnvVarsInLog = 0;
		};
/* End PBXShellScriptBuildPhase section */

/* Begin PBXSourcesBuildPhase section */
		AE436B0020D5FF95003FAE69 /* Sources */ = {
			isa = PBXSourcesBuildPhase;
			buildActionMask = 2147483647;
			files = (
				AE436B0C20D5FF95003FAE69 /* ViewController.m in Sources */,
				AE436B1720D5FF96003FAE69 /* main.m in Sources */,
				AE436B0920D5FF95003FAE69 /* AppDelegate.m in Sources */,
			);
			runOnlyForDeploymentPostprocessing = 0;
		};
/* End PBXSourcesBuildPhase section */

/* Begin PBXVariantGroup section */
		AE436B0D20D5FF95003FAE69 /* Main.storyboard */ = {
			isa = PBXVariantGroup;
			children = (
				AE436B0E20D5FF95003FAE69 /* Base */,
			);
			name = Main.storyboard;
			sourceTree = "<group>";
		};
		AE436B1220D5FF96003FAE69 /* LaunchScreen.storyboard */ = {
			isa = PBXVariantGroup;
			children = (
				AE436B1320D5FF96003FAE69 /* Base */,
			);
			name = LaunchScreen.storyboard;
			sourceTree = "<group>";
		};
/* End PBXVariantGroup section */

/* Begin XCBuildConfiguration section */
		AE436B1820D5FF96003FAE69 /* Debug */ = {
			isa = XCBuildConfiguration;
			buildSettings = {
				ALWAYS_SEARCH_USER_PATHS = NO;
				CLANG_ANALYZER_NONNULL = YES;
				CLANG_ANALYZER_NUMBER_OBJECT_CONVERSION = YES_AGGRESSIVE;
				CLANG_CXX_LANGUAGE_STANDARD = "gnu++14";
				CLANG_CXX_LIBRARY = "libc++";
				CLANG_ENABLE_MODULES = YES;
				CLANG_ENABLE_OBJC_ARC = YES;
				CLANG_ENABLE_OBJC_WEAK = YES;
				CLANG_WARN_BLOCK_CAPTURE_AUTORELEASING = YES;
				CLANG_WARN_BOOL_CONVERSION = YES;
				CLANG_WARN_COMMA = YES;
				CLANG_WARN_CONSTANT_CONVERSION = YES;
				CLANG_WARN_DEPRECATED_OBJC_IMPLEMENTATIONS = YES;
				CLANG_WARN_DIRECT_OBJC_ISA_USAGE = YES_ERROR;
				CLANG_WARN_DOCUMENTATION_COMMENTS = YES;
				CLANG_WARN_EMPTY_BODY = YES;
				CLANG_WARN_ENUM_CONVERSION = YES;
				CLANG_WARN_INFINITE_RECURSION = YES;
				CLANG_WARN_INT_CONVERSION = YES;
				CLANG_WARN_NON_LITERAL_NULL_CONVERSION = YES;
				CLANG_WARN_OBJC_IMPLICIT_RETAIN_SELF = YES;
				CLANG_WARN_OBJC_LITERAL_CONVERSION = YES;
				CLANG_WARN_OBJC_ROOT_CLASS = YES_ERROR;
				CLANG_WARN_RANGE_LOOP_ANALYSIS = YES;
				CLANG_WARN_STRICT_PROTOTYPES = YES;
				CLANG_WARN_SUSPICIOUS_MOVE = YES;
				CLANG_WARN_UNGUARDED_AVAILABILITY = YES_AGGRESSIVE;
				CLANG_WARN_UNREACHABLE_CODE = YES;
				CLANG_WARN__DUPLICATE_METHOD_MATCH = YES;
				CODE_SIGN_IDENTITY = "iPhone Developer";
				COPY_PHASE_STRIP = NO;
				DEBUG_INFORMATION_FORMAT = dwarf;
				ENABLE_STRICT_OBJC_MSGSEND = YES;
				ENABLE_TESTABILITY = YES;
				GCC_C_LANGUAGE_STANDARD = gnu11;
				GCC_DYNAMIC_NO_PIC = NO;
				GCC_NO_COMMON_BLOCKS = YES;
				GCC_OPTIMIZATION_LEVEL = 0;
				GCC_PREPROCESSOR_DEFINITIONS = (
					"DEBUG=1",
					"$(inherited)",
				);
				GCC_WARN_64_TO_32_BIT_CONVERSION = YES;
				GCC_WARN_ABOUT_RETURN_TYPE = YES_ERROR;
				GCC_WARN_UNDECLARED_SELECTOR = YES;
				GCC_WARN_UNINITIALIZED_AUTOS = YES_AGGRESSIVE;
				GCC_WARN_UNUSED_FUNCTION = YES;
				GCC_WARN_UNUSED_VARIABLE = YES;
				IPHONEOS_DEPLOYMENT_TARGET = 11.4;
				MTL_ENABLE_DEBUG_INFO = YES;
				ONLY_ACTIVE_ARCH = YES;
				SDKROOT = iphoneos;
			};
			name = Debug;
		};
		AE436B1920D5FF96003FAE69 /* Release */ = {
			isa = XCBuildConfiguration;
			buildSettings = {
				ALWAYS_SEARCH_USER_PATHS = NO;
				CLANG_ANALYZER_NONNULL = YES;
				CLANG_ANALYZER_NUMBER_OBJECT_CONVERSION = YES_AGGRESSIVE;
				CLANG_CXX_LANGUAGE_STANDARD = "gnu++14";
				CLANG_CXX_LIBRARY = "libc++";
				CLANG_ENABLE_MODULES = YES;
				CLANG_ENABLE_OBJC_ARC = YES;
				CLANG_ENABLE_OBJC_WEAK = YES;
				CLANG_WARN_BLOCK_CAPTURE_AUTORELEASING = YES;
				CLANG_WARN_BOOL_CONVERSION = YES;
				CLANG_WARN_COMMA = YES;
				CLANG_WARN_CONSTANT_CONVERSION = YES;
				CLANG_WARN_DEPRECATED_OBJC_IMPLEMENTATIONS = YES;
				CLANG_WARN_DIRECT_OBJC_ISA_USAGE = YES_ERROR;
				CLANG_WARN_DOCUMENTATION_COMMENTS = YES;
				CLANG_WARN_EMPTY_BODY = YES;
				CLANG_WARN_ENUM_CONVERSION = YES;
				CLANG_WARN_INFINITE_RECURSION = YES;
				CLANG_WARN_INT_CONVERSION = YES;
				CLANG_WARN_NON_LITERAL_NULL_CONVERSION = YES;
				CLANG_WARN_OBJC_IMPLICIT_RETAIN_SELF = YES;
				CLANG_WARN_OBJC_LITERAL_CONVERSION = YES;
				CLANG_WARN_OBJC_ROOT_CLASS = YES_ERROR;
				CLANG_WARN_RANGE_LOOP_ANALYSIS = YES;
				CLANG_WARN_STRICT_PROTOTYPES = YES;
				CLANG_WARN_SUSPICIOUS_MOVE = YES;
				CLANG_WARN_UNGUARDED_AVAILABILITY = YES_AGGRESSIVE;
				CLANG_WARN_UNREACHABLE_CODE = YES;
				CLANG_WARN__DUPLICATE_METHOD_MATCH = YES;
				CODE_SIGN_IDENTITY = "iPhone Developer";
				COPY_PHASE_STRIP = NO;
				DEBUG_INFORMATION_FORMAT = "dwarf-with-dsym";
				ENABLE_NS_ASSERTIONS = NO;
				ENABLE_STRICT_OBJC_MSGSEND = YES;
				GCC_C_LANGUAGE_STANDARD = gnu11;
				GCC_NO_COMMON_BLOCKS = YES;
				GCC_WARN_64_TO_32_BIT_CONVERSION = YES;
				GCC_WARN_ABOUT_RETURN_TYPE = YES_ERROR;
				GCC_WARN_UNDECLARED_SELECTOR = YES;
				GCC_WARN_UNINITIALIZED_AUTOS = YES_AGGRESSIVE;
				GCC_WARN_UNUSED_FUNCTION = YES;
				GCC_WARN_UNUSED_VARIABLE = YES;
				IPHONEOS_DEPLOYMENT_TARGET = 11.4;
				MTL_ENABLE_DEBUG_INFO = NO;
				SDKROOT = iphoneos;
				VALIDATE_PRODUCT = YES;
			};
			name = Release;
		};
		AE436B1B20D5FF96003FAE69 /* Debug */ = {
			isa = XCBuildConfiguration;
			baseConfigurationReference = 28D2453BC50FB72E08CFC07A /* Pods-XTILogerManagerDemo.debug.xcconfig */;
			buildSettings = {
				ALWAYS_EMBED_SWIFT_STANDARD_LIBRARIES = YES;
				ASSETCATALOG_COMPILER_APPICON_NAME = AppIcon;
				CODE_SIGN_STYLE = Automatic;
				DEVELOPMENT_TEAM = ZZ2Q79GEK8;
				INFOPLIST_FILE = XTILogerManager/Info.plist;
				IPHONEOS_DEPLOYMENT_TARGET = 9.0;
				LD_RUNPATH_SEARCH_PATHS = (
					"$(inherited)",
					"@executable_path/Frameworks",
				);
				PRODUCT_BUNDLE_IDENTIFIER = cn.tcoding.XTILogerManager;
				PRODUCT_NAME = "$(TARGET_NAME)";
				TARGETED_DEVICE_FAMILY = "1,2";
			};
			name = Debug;
		};
		AE436B1C20D5FF96003FAE69 /* Release */ = {
			isa = XCBuildConfiguration;
			baseConfigurationReference = C02C3B599FFA9F5A8916C109 /* Pods-XTILogerManagerDemo.release.xcconfig */;
			buildSettings = {
				ALWAYS_EMBED_SWIFT_STANDARD_LIBRARIES = YES;
				ASSETCATALOG_COMPILER_APPICON_NAME = AppIcon;
				CODE_SIGN_STYLE = Automatic;
				DEVELOPMENT_TEAM = ZZ2Q79GEK8;
				INFOPLIST_FILE = XTILogerManager/Info.plist;
				IPHONEOS_DEPLOYMENT_TARGET = 9.0;
				LD_RUNPATH_SEARCH_PATHS = (
					"$(inherited)",
					"@executable_path/Frameworks",
				);
				PRODUCT_BUNDLE_IDENTIFIER = cn.tcoding.XTILogerManager;
				PRODUCT_NAME = "$(TARGET_NAME)";
				TARGETED_DEVICE_FAMILY = "1,2";
			};
			name = Release;
		};
/* End XCBuildConfiguration section */

/* Begin XCConfigurationList section */
		AE436AFF20D5FF95003FAE69 /* Build configuration list for PBXProject "XTILogerManagerDemo" */ = {
			isa = XCConfigurationList;
			buildConfigurations = (
				AE436B1820D5FF96003FAE69 /* Debug */,
				AE436B1920D5FF96003FAE69 /* Release */,
			);
			defaultConfigurationIsVisible = 0;
			defaultConfigurationName = Release;
		};
		AE436B1A20D5FF96003FAE69 /* Build configuration list for PBXNativeTarget "XTILogerManagerDemo" */ = {
			isa = XCConfigurationList;
			buildConfigurations = (
				AE436B1B20D5FF96003FAE69 /* Debug */,
				AE436B1C20D5FF96003FAE69 /* Release */,
			);
			defaultConfigurationIsVisible = 0;
			defaultConfigurationName = Release;
		};
/* End XCConfigurationList section */
	};
	rootObject = AE436AFC20D5FF95003FAE69 /* Project object */;
}
